// !$*UTF8*$!
{
	archiveVersion = 1;
	classes = {
	};
	objectVersion = 50;
	objects = {

/* Begin PBXBuildFile section */
		802987A721455CA000B48DDA /* ServerTableCellView.swift in Sources */ = {isa = PBXBuildFile; fileRef = 802987A621455CA000B48DDA /* ServerTableCellView.swift */; };
		80ECA6412145419F009F5C24 /* AppDelegate.swift in Sources */ = {isa = PBXBuildFile; fileRef = 80ECA6402145419F009F5C24 /* AppDelegate.swift */; };
		80ECA643214541A0009F5C24 /* Assets.xcassets in Resources */ = {isa = PBXBuildFile; fileRef = 80ECA642214541A0009F5C24 /* Assets.xcassets */; };
		80ECA646214541A0009F5C24 /* MainMenu.xib in Resources */ = {isa = PBXBuildFile; fileRef = 80ECA644214541A0009F5C24 /* MainMenu.xib */; };
		EA53FE22F0573586AB91A421 /* Pods_MediaMetaStream_Companion.framework in Frameworks */ = {isa = PBXBuildFile; fileRef = ABC6F62828C8F3636E79F839 /* Pods_MediaMetaStream_Companion.framework */; };
/* End PBXBuildFile section */

/* Begin PBXFileReference section */
		802987A621455CA000B48DDA /* ServerTableCellView.swift */ = {isa = PBXFileReference; lastKnownFileType = sourcecode.swift; path = ServerTableCellView.swift; sourceTree = "<group>"; };
		80ECA63D2145419F009F5C24 /* MediaMetaStream Companion.app */ = {isa = PBXFileReference; explicitFileType = wrapper.application; includeInIndex = 0; path = "MediaMetaStream Companion.app"; sourceTree = BUILT_PRODUCTS_DIR; };
		80ECA6402145419F009F5C24 /* AppDelegate.swift */ = {isa = PBXFileReference; lastKnownFileType = sourcecode.swift; path = AppDelegate.swift; sourceTree = "<group>"; };
		80ECA642214541A0009F5C24 /* Assets.xcassets */ = {isa = PBXFileReference; lastKnownFileType = folder.assetcatalog; path = Assets.xcassets; sourceTree = "<group>"; };
		80ECA645214541A0009F5C24 /* Base */ = {isa = PBXFileReference; lastKnownFileType = file.xib; name = Base; path = Base.lproj/MainMenu.xib; sourceTree = "<group>"; };
		80ECA647214541A0009F5C24 /* Info.plist */ = {isa = PBXFileReference; lastKnownFileType = text.plist.xml; path = Info.plist; sourceTree = "<group>"; };
		80ECA648214541A0009F5C24 /* MediaMetaStream_Companion.entitlements */ = {isa = PBXFileReference; lastKnownFileType = text.plist.entitlements; path = MediaMetaStream_Companion.entitlements; sourceTree = "<group>"; };
		971136C0920CAFC18E788718 /* Pods-MediaMetaStream Companion.debug.xcconfig */ = {isa = PBXFileReference; includeInIndex = 1; lastKnownFileType = text.xcconfig; name = "Pods-MediaMetaStream Companion.debug.xcconfig"; path = "Pods/Target Support Files/Pods-MediaMetaStream Companion/Pods-MediaMetaStream Companion.debug.xcconfig"; sourceTree = "<group>"; };
		ABC6F62828C8F3636E79F839 /* Pods_MediaMetaStream_Companion.framework */ = {isa = PBXFileReference; explicitFileType = wrapper.framework; includeInIndex = 0; path = Pods_MediaMetaStream_Companion.framework; sourceTree = BUILT_PRODUCTS_DIR; };
		DD30557D20F492187EE5C82D /* Pods-MediaMetaStream Companion.release.xcconfig */ = {isa = PBXFileReference; includeInIndex = 1; lastKnownFileType = text.xcconfig; name = "Pods-MediaMetaStream Companion.release.xcconfig"; path = "Pods/Target Support Files/Pods-MediaMetaStream Companion/Pods-MediaMetaStream Companion.release.xcconfig"; sourceTree = "<group>"; };
/* End PBXFileReference section */

/* Begin PBXFrameworksBuildPhase section */
		80ECA63A2145419F009F5C24 /* Frameworks */ = {
			isa = PBXFrameworksBuildPhase;
			buildActionMask = 2147483647;
			files = (
				EA53FE22F0573586AB91A421 /* Pods_MediaMetaStream_Companion.framework in Frameworks */,
			);
			runOnlyForDeploymentPostprocessing = 0;
		};
/* End PBXFrameworksBuildPhase section */

/* Begin PBXGroup section */
		4D462F9E6EFD244FDF12D265 /* Frameworks */ = {
			isa = PBXGroup;
			children = (
				ABC6F62828C8F3636E79F839 /* Pods_MediaMetaStream_Companion.framework */,
			);
			name = Frameworks;
			sourceTree = "<group>";
		};
		80ECA6342145419F009F5C24 = {
			isa = PBXGroup;
			children = (
				80ECA63F2145419F009F5C24 /* MediaMetaStream Companion */,
				80ECA63E2145419F009F5C24 /* Products */,
				80FB0609D118645BCAA4C458 /* Pods */,
				4D462F9E6EFD244FDF12D265 /* Frameworks */,
			);
			sourceTree = "<group>";
		};
		80ECA63E2145419F009F5C24 /* Products */ = {
			isa = PBXGroup;
			children = (
				80ECA63D2145419F009F5C24 /* MediaMetaStream Companion.app */,
			);
			name = Products;
			sourceTree = "<group>";
		};
		80ECA63F2145419F009F5C24 /* MediaMetaStream Companion */ = {
			isa = PBXGroup;
			children = (
				80ECA6402145419F009F5C24 /* AppDelegate.swift */,
				80ECA642214541A0009F5C24 /* Assets.xcassets */,
				80ECA644214541A0009F5C24 /* MainMenu.xib */,
				802987A621455CA000B48DDA /* ServerTableCellView.swift */,
				80ECA647214541A0009F5C24 /* Info.plist */,
				80ECA648214541A0009F5C24 /* MediaMetaStream_Companion.entitlements */,
			);
			path = "MediaMetaStream Companion";
			sourceTree = "<group>";
		};
		80FB0609D118645BCAA4C458 /* Pods */ = {
			isa = PBXGroup;
			children = (
				971136C0920CAFC18E788718 /* Pods-MediaMetaStream Companion.debug.xcconfig */,
				DD30557D20F492187EE5C82D /* Pods-MediaMetaStream Companion.release.xcconfig */,
			);
			name = Pods;
			sourceTree = "<group>";
		};
/* End PBXGroup section */

/* Begin PBXNativeTarget section */
		80ECA63C2145419F009F5C24 /* MediaMetaStream Companion */ = {
			isa = PBXNativeTarget;
			buildConfigurationList = 80ECA64B214541A0009F5C24 /* Build configuration list for PBXNativeTarget "MediaMetaStream Companion" */;
			buildPhases = (
				1D763A60016C81F7347EB4D9 /* [CP] Check Pods Manifest.lock */,
				80ECA6392145419F009F5C24 /* Sources */,
				80ECA63A2145419F009F5C24 /* Frameworks */,
				80ECA63B2145419F009F5C24 /* Resources */,
				167308FF3FCF53EA107D1E74 /* [CP] Embed Pods Frameworks */,
			);
			buildRules = (
			);
			dependencies = (
			);
			name = "MediaMetaStream Companion";
			productName = "MediaMetaStream Companion";
			productReference = 80ECA63D2145419F009F5C24 /* MediaMetaStream Companion.app */;
			productType = "com.apple.product-type.application";
		};
/* End PBXNativeTarget section */

/* Begin PBXProject section */
		80ECA6352145419F009F5C24 /* Project object */ = {
			isa = PBXProject;
			attributes = {
				LastSwiftUpdateCheck = 0940;
				LastUpgradeCheck = 0940;
				ORGANIZATIONNAME = "Jannik Theiß";
				TargetAttributes = {
					80ECA63C2145419F009F5C24 = {
						CreatedOnToolsVersion = 9.4.1;
					};
				};
			};
			buildConfigurationList = 80ECA6382145419F009F5C24 /* Build configuration list for PBXProject "MediaMetaStream Companion" */;
			compatibilityVersion = "Xcode 9.3";
			developmentRegion = en;
			hasScannedForEncodings = 0;
			knownRegions = (
				en,
				Base,
			);
			mainGroup = 80ECA6342145419F009F5C24;
			productRefGroup = 80ECA63E2145419F009F5C24 /* Products */;
			projectDirPath = "";
			projectRoot = "";
			targets = (
				80ECA63C2145419F009F5C24 /* MediaMetaStream Companion */,
			);
		};
/* End PBXProject section */

/* Begin PBXResourcesBuildPhase section */
		80ECA63B2145419F009F5C24 /* Resources */ = {
			isa = PBXResourcesBuildPhase;
			buildActionMask = 2147483647;
			files = (
				80ECA643214541A0009F5C24 /* Assets.xcassets in Resources */,
				80ECA646214541A0009F5C24 /* MainMenu.xib in Resources */,
			);
			runOnlyForDeploymentPostprocessing = 0;
		};
/* End PBXResourcesBuildPhase section */

/* Begin PBXShellScriptBuildPhase section */
		167308FF3FCF53EA107D1E74 /* [CP] Embed Pods Frameworks */ = {
			isa = PBXShellScriptBuildPhase;
			buildActionMask = 2147483647;
			files = (
			);
			inputPaths = (
				"${SRCROOT}/Pods/Target Support Files/Pods-MediaMetaStream Companion/Pods-MediaMetaStream Companion-frameworks.sh",
				"${BUILT_PRODUCTS_DIR}/Starscream/Starscream.framework",
			);
			name = "[CP] Embed Pods Frameworks";
			outputPaths = (
				"${TARGET_BUILD_DIR}/${FRAMEWORKS_FOLDER_PATH}/Starscream.framework",
			);
			runOnlyForDeploymentPostprocessing = 0;
			shellPath = /bin/sh;
			shellScript = "\"${SRCROOT}/Pods/Target Support Files/Pods-MediaMetaStream Companion/Pods-MediaMetaStream Companion-frameworks.sh\"\n";
			showEnvVarsInLog = 0;
		};
		1D763A60016C81F7347EB4D9 /* [CP] Check Pods Manifest.lock */ = {
			isa = PBXShellScriptBuildPhase;
			buildActionMask = 2147483647;
			files = (
			);
			inputPaths = (
				"${PODS_PODFILE_DIR_PATH}/Podfile.lock",
				"${PODS_ROOT}/Manifest.lock",
			);
			name = "[CP] Check Pods Manifest.lock";
			outputPaths = (
				"$(DERIVED_FILE_DIR)/Pods-MediaMetaStream Companion-checkManifestLockResult.txt",
			);
			runOnlyForDeploymentPostprocessing = 0;
			shellPath = /bin/sh;
			shellScript = "diff \"${PODS_PODFILE_DIR_PATH}/Podfile.lock\" \"${PODS_ROOT}/Manifest.lock\" > /dev/null\nif [ $? != 0 ] ; then\n    # print error to STDERR\n    echo \"error: The sandbox is not in sync with the Podfile.lock. Run 'pod install' or update your CocoaPods installation.\" >&2\n    exit 1\nfi\n# This output is used by Xcode 'outputs' to avoid re-running this script phase.\necho \"SUCCESS\" > \"${SCRIPT_OUTPUT_FILE_0}\"\n";
			showEnvVarsInLog = 0;
		};
/* End PBXShellScriptBuildPhase section */

/* Begin PBXSourcesBuildPhase section */
		80ECA6392145419F009F5C24 /* Sources */ = {
			isa = PBXSourcesBuildPhase;
			buildActionMask = 2147483647;
			files = (
				802987A721455CA000B48DDA /* ServerTableCellView.swift in Sources */,
				80ECA6412145419F009F5C24 /* AppDelegate.swift in Sources */,
			);
			runOnlyForDeploymentPostprocessing = 0;
		};
/* End PBXSourcesBuildPhase section */

/* Begin PBXVariantGroup section */
		80ECA644214541A0009F5C24 /* MainMenu.xib */ = {
			isa = PBXVariantGroup;
			children = (
				80ECA645214541A0009F5C24 /* Base */,
			);
			name = MainMenu.xib;
			sourceTree = "<group>";
		};
/* End PBXVariantGroup section */

/* Begin XCBuildConfiguration section */
		80ECA649214541A0009F5C24 /* Debug */ = {
			isa = XCBuildConfiguration;
			buildSettings = {
				ALWAYS_SEARCH_USER_PATHS = NO;
				CLANG_ANALYZER_NONNULL = YES;
				CLANG_ANALYZER_NUMBER_OBJECT_CONVERSION = YES_AGGRESSIVE;
				CLANG_CXX_LANGUAGE_STANDARD = "gnu++14";
				CLANG_CXX_LIBRARY = "libc++";
				CLANG_ENABLE_MODULES = YES;
				CLANG_ENABLE_OBJC_ARC = YES;
				CLANG_ENABLE_OBJC_WEAK = YES;
				CLANG_WARN_BLOCK_CAPTURE_AUTORELEASING = YES;
				CLANG_WARN_BOOL_CONVERSION = YES;
				CLANG_WARN_COMMA = YES;
				CLANG_WARN_CONSTANT_CONVERSION = YES;
				CLANG_WARN_DEPRECATED_OBJC_IMPLEMENTATIONS = YES;
				CLANG_WARN_DIRECT_OBJC_ISA_USAGE = YES_ERROR;
				CLANG_WARN_DOCUMENTATION_COMMENTS = YES;
				CLANG_WARN_EMPTY_BODY = YES;
				CLANG_WARN_ENUM_CONVERSION = YES;
				CLANG_WARN_INFINITE_RECURSION = YES;
				CLANG_WARN_INT_CONVERSION = YES;
				CLANG_WARN_NON_LITERAL_NULL_CONVERSION = YES;
				CLANG_WARN_OBJC_IMPLICIT_RETAIN_SELF = YES;
				CLANG_WARN_OBJC_LITERAL_CONVERSION = YES;
				CLANG_WARN_OBJC_ROOT_CLASS = YES_ERROR;
				CLANG_WARN_RANGE_LOOP_ANALYSIS = YES;
				CLANG_WARN_STRICT_PROTOTYPES = YES;
				CLANG_WARN_SUSPICIOUS_MOVE = YES;
				CLANG_WARN_UNGUARDED_AVAILABILITY = YES_AGGRESSIVE;
				CLANG_WARN_UNREACHABLE_CODE = YES;
				CLANG_WARN__DUPLICATE_METHOD_MATCH = YES;
				CODE_SIGN_IDENTITY = "-";
				COPY_PHASE_STRIP = NO;
				DEBUG_INFORMATION_FORMAT = dwarf;
				ENABLE_STRICT_OBJC_MSGSEND = YES;
				ENABLE_TESTABILITY = YES;
				GCC_C_LANGUAGE_STANDARD = gnu11;
				GCC_DYNAMIC_NO_PIC = NO;
				GCC_NO_COMMON_BLOCKS = YES;
				GCC_OPTIMIZATION_LEVEL = 0;
				GCC_PREPROCESSOR_DEFINITIONS = (
					"DEBUG=1",
					"$(inherited)",
				);
				GCC_WARN_64_TO_32_BIT_CONVERSION = YES;
				GCC_WARN_ABOUT_RETURN_TYPE = YES_ERROR;
				GCC_WARN_UNDECLARED_SELECTOR = YES;
				GCC_WARN_UNINITIALIZED_AUTOS = YES_AGGRESSIVE;
				GCC_WARN_UNUSED_FUNCTION = YES;
				GCC_WARN_UNUSED_VARIABLE = YES;
				MACOSX_DEPLOYMENT_TARGET = 10.13;
				MTL_ENABLE_DEBUG_INFO = YES;
				ONLY_ACTIVE_ARCH = YES;
				SDKROOT = macosx;
				SWIFT_ACTIVE_COMPILATION_CONDITIONS = DEBUG;
				SWIFT_OPTIMIZATION_LEVEL = "-Onone";
			};
			name = Debug;
		};
		80ECA64A214541A0009F5C24 /* Release */ = {
			isa = XCBuildConfiguration;
			buildSettings = {
				ALWAYS_SEARCH_USER_PATHS = NO;
				CLANG_ANALYZER_NONNULL = YES;
				CLANG_ANALYZER_NUMBER_OBJECT_CONVERSION = YES_AGGRESSIVE;
				CLANG_CXX_LANGUAGE_STANDARD = "gnu++14";
				CLANG_CXX_LIBRARY = "libc++";
				CLANG_ENABLE_MODULES = YES;
				CLANG_ENABLE_OBJC_ARC = YES;
				CLANG_ENABLE_OBJC_WEAK = YES;
				CLANG_WARN_BLOCK_CAPTURE_AUTORELEASING = YES;
				CLANG_WARN_BOOL_CONVERSION = YES;
				CLANG_WARN_COMMA = YES;
				CLANG_WARN_CONSTANT_CONVERSION = YES;
				CLANG_WARN_DEPRECATED_OBJC_IMPLEMENTATIONS = YES;
				CLANG_WARN_DIRECT_OBJC_ISA_USAGE = YES_ERROR;
				CLANG_WARN_DOCUMENTATION_COMMENTS = YES;
				CLANG_WARN_EMPTY_BODY = YES;
				CLANG_WARN_ENUM_CONVERSION = YES;
				CLANG_WARN_INFINITE_RECURSION = YES;
				CLANG_WARN_INT_CONVERSION = YES;
				CLANG_WARN_NON_LITERAL_NULL_CONVERSION = YES;
				CLANG_WARN_OBJC_IMPLICIT_RETAIN_SELF = YES;
				CLANG_WARN_OBJC_LITERAL_CONVERSION = YES;
				CLANG_WARN_OBJC_ROOT_CLASS = YES_ERROR;
				CLANG_WARN_RANGE_LOOP_ANALYSIS = YES;
				CLANG_WARN_STRICT_PROTOTYPES = YES;
				CLANG_WARN_SUSPICIOUS_MOVE = YES;
				CLANG_WARN_UNGUARDED_AVAILABILITY = YES_AGGRESSIVE;
				CLANG_WARN_UNREACHABLE_CODE = YES;
				CLANG_WARN__DUPLICATE_METHOD_MATCH = YES;
				CODE_SIGN_IDENTITY = "-";
				COPY_PHASE_STRIP = NO;
				DEBUG_INFORMATION_FORMAT = "dwarf-with-dsym";
				ENABLE_NS_ASSERTIONS = NO;
				ENABLE_STRICT_OBJC_MSGSEND = YES;
				GCC_C_LANGUAGE_STANDARD = gnu11;
				GCC_NO_COMMON_BLOCKS = YES;
				GCC_WARN_64_TO_32_BIT_CONVERSION = YES;
				GCC_WARN_ABOUT_RETURN_TYPE = YES_ERROR;
				GCC_WARN_UNDECLARED_SELECTOR = YES;
				GCC_WARN_UNINITIALIZED_AUTOS = YES_AGGRESSIVE;
				GCC_WARN_UNUSED_FUNCTION = YES;
				GCC_WARN_UNUSED_VARIABLE = YES;
				MACOSX_DEPLOYMENT_TARGET = 10.13;
				MTL_ENABLE_DEBUG_INFO = NO;
				SDKROOT = macosx;
				SWIFT_COMPILATION_MODE = wholemodule;
				SWIFT_OPTIMIZATION_LEVEL = "-O";
			};
			name = Release;
		};
		80ECA64C214541A0009F5C24 /* Debug */ = {
			isa = XCBuildConfiguration;
			baseConfigurationReference = 971136C0920CAFC18E788718 /* Pods-MediaMetaStream Companion.debug.xcconfig */;
			buildSettings = {
				ASSETCATALOG_COMPILER_APPICON_NAME = AppIcon;
				CODE_SIGN_ENTITLEMENTS = "MediaMetaStream Companion/MediaMetaStream_Companion.entitlements";
				CODE_SIGN_STYLE = Automatic;
				COMBINE_HIDPI_IMAGES = YES;
				INFOPLIST_FILE = "MediaMetaStream Companion/Info.plist";
				LD_RUNPATH_SEARCH_PATHS = (
					"$(inherited)",
					"@executable_path/../Frameworks",
				);
				PRODUCT_BUNDLE_IDENTIFIER = "jnk.MediaMetaStream-Companion";
				PRODUCT_NAME = "$(TARGET_NAME)";
				SWIFT_VERSION = 4.0;
			};
			name = Debug;
		};
		80ECA64D214541A0009F5C24 /* Release */ = {
			isa = XCBuildConfiguration;
			baseConfigurationReference = DD30557D20F492187EE5C82D /* Pods-MediaMetaStream Companion.release.xcconfig */;
			buildSettings = {
				ASSETCATALOG_COMPILER_APPICON_NAME = AppIcon;
				CODE_SIGN_ENTITLEMENTS = "MediaMetaStream Companion/MediaMetaStream_Companion.entitlements";
				CODE_SIGN_STYLE = Automatic;
				COMBINE_HIDPI_IMAGES = YES;
				INFOPLIST_FILE = "MediaMetaStream Companion/Info.plist";
				LD_RUNPATH_SEARCH_PATHS = (
					"$(inherited)",
					"@executable_path/../Frameworks",
				);
				PRODUCT_BUNDLE_IDENTIFIER = "jnk.MediaMetaStream-Companion";
				PRODUCT_NAME = "$(TARGET_NAME)";
				SWIFT_VERSION = 4.0;
			};
			name = Release;
		};
/* End XCBuildConfiguration section */

/* Begin XCConfigurationList section */
		80ECA6382145419F009F5C24 /* Build configuration list for PBXProject "MediaMetaStream Companion" */ = {
			isa = XCConfigurationList;
			buildConfigurations = (
				80ECA649214541A0009F5C24 /* Debug */,
				80ECA64A214541A0009F5C24 /* Release */,
			);
			defaultConfigurationIsVisible = 0;
			defaultConfigurationName = Release;
		};
		80ECA64B214541A0009F5C24 /* Build configuration list for PBXNativeTarget "MediaMetaStream Companion" */ = {
			isa = XCConfigurationList;
			buildConfigurations = (
				80ECA64C214541A0009F5C24 /* Debug */,
				80ECA64D214541A0009F5C24 /* Release */,
			);
			defaultConfigurationIsVisible = 0;
			defaultConfigurationName = Release;
		};
/* End XCConfigurationList section */
	};
	rootObject = 80ECA6352145419F009F5C24 /* Project object */;
}
